{
  "name": "uwnh-backend",
  "version": "0.1.0",
  "lockfileVersion": 3,
  "requires": true,
  "packages": {
    "": {
      "name": "uwnh-backend",
      "version": "0.1.0",
      "license": "ISC",
      "dependencies": {
        "laravel-echo": "^1.16.0",
        "phoenix": "^1.7.11",
        "pusher-js": "^8.4.0-rc2"
      }
    },
    "node_modules/laravel-echo": {
      "version": "1.16.0",
      "resolved": "https://registry.npmjs.org/laravel-echo/-/laravel-echo-1.16.0.tgz",
      "integrity": "sha512-BJGUa4tcKvYmTkzTmcBGMHiO2tq+k7Do5wPmLbRswWfzKwyfZEUR+J5iwBTPEfLLwNPZlA9Kjo6R/NV6pmyIpg==",
      "engines": {
        "node": ">=10"
      }
    },
    "node_modules/phoenix": {
      "version": "1.7.11",
      "resolved": "https://registry.npmjs.org/phoenix/-/phoenix-1.7.11.tgz",
      "integrity": "sha512-aeikMR/Qh6gAygY45d5p/B7srqH60h0GbCIauEAStAtRUq4hvlkzDTyDj1NJidJEV9IKFhZe7f9L+zosUJdF/g=="
    },
    "node_modules/pusher-js": {
      "version": "8.4.0-rc2",
      "resolved": "https://registry.npmjs.org/pusher-js/-/pusher-js-8.4.0-rc2.tgz",
      "integrity": "sha512-d87GjOEEl9QgO5BWmViSqW0LOzPvybvX6WA9zLUstNdB57jVJuR27zHkRnrav2a3+zAMlHbP2Og8wug+rG8T+g==",
      "dependencies": {
        "tweetnacl": "^1.0.3"
      }
    },
    "node_modules/tweetnacl": {
      "version": "1.0.3",
      "resolved": "https://registry.npmjs.org/tweetnacl/-/tweetnacl-1.0.3.tgz",
      "integrity": "sha512-6rt+RN7aOi1nGMyC4Xa5DdYiukl2UWCbcJft7YhxReBGQD7OAM8Pbxw6YMo4r2diNEA8FEmu32YOn9rhaiE5yw=="
    }
  }
}
